
Microsoft Visual Studio Solution File, Format Version 12.00
# Visual Studio Version 17
VisualStudioVersion = 17.11.35208.52
MinimumVisualStudioVersion = 10.0.40219.1
Project("{FAE04EC0-301F-11D3-BF4B-00C04F79EFBC}") = "TOPCustomOrders.API", "TOPCustomOrders.API\TOPCustomOrders.API.csproj", "{FA76CBAF-7DC9-471B-8D91-4F958292D957}"
EndProject
Global
	GlobalSection(SolutionConfigurationPlatforms) = preSolution
		Debug|Any CPU = Debug|Any CPU
		Release|Any CPU = Release|Any CPU
	EndGlobalSection
	GlobalSection(ProjectConfigurationPlatforms) = postSolution
		{FA76CBAF-7DC9-471B-8D91-4F958292D957}.Debug|Any CPU.ActiveCfg = Debug|Any CPU
		{FA76CBAF-7DC9-471B-8D91-4F958292D957}.Debug|Any CPU.Build.0 = Debug|Any CPU
		{FA76CBAF-7DC9-471B-8D91-4F958292D957}.Release|Any CPU.ActiveCfg = Release|Any CPU
		{FA76CBAF-7DC9-471B-8D91-4F958292D957}.Release|Any CPU.Build.0 = Release|Any CPU
	EndGlobalSection
	GlobalSection(SolutionProperties) = preSolution
		HideSolutionNode = FALSE
	EndGlobalSection
	GlobalSection(ExtensibilityGlobals) = postSolution
		SolutionGuid = {14E45A1E-028C-4908-B328-D8A88579AB0B}
	EndGlobalSection
EndGlobal
